// !$*UTF8*$!
{
	archiveVersion = 1;
	classes = {
	};
	objectVersion = 46;
	objects = {

/* Begin PBXBuildFile section */
		A623F03A1C7B91B600C266FC /* AppDelegate.swift in Sources */ = {isa = PBXBuildFile; fileRef = A623F0391C7B91B600C266FC /* AppDelegate.swift */; };
		A623F0421C7B91B600C266FC /* recipeez_w_core_data.xcdatamodeld in Sources */ = {isa = PBXBuildFile; fileRef = A623F0401C7B91B600C266FC /* recipeez_w_core_data.xcdatamodeld */; };
		A623F0441C7B91B600C266FC /* Assets.xcassets in Resources */ = {isa = PBXBuildFile; fileRef = A623F0431C7B91B600C266FC /* Assets.xcassets */; };
		A623F0471C7B91B600C266FC /* LaunchScreen.storyboard in Resources */ = {isa = PBXBuildFile; fileRef = A623F0451C7B91B600C266FC /* LaunchScreen.storyboard */; };
		A623F0521C7B91B600C266FC /* recipeez_w_core_dataTests.swift in Sources */ = {isa = PBXBuildFile; fileRef = A623F0511C7B91B600C266FC /* recipeez_w_core_dataTests.swift */; };
		A623F05D1C7B91EF00C266FC /* Main.storyboard in Resources */ = {isa = PBXBuildFile; fileRef = A623F05C1C7B91EF00C266FC /* Main.storyboard */; };
		A623F05F1C7B91FA00C266FC /* ViewController.swift in Sources */ = {isa = PBXBuildFile; fileRef = A623F05E1C7B91FA00C266FC /* ViewController.swift */; };
/* End PBXBuildFile section */

/* Begin PBXContainerItemProxy section */
		A623F04E1C7B91B600C266FC /* PBXContainerItemProxy */ = {
			isa = PBXContainerItemProxy;
			containerPortal = A623F02E1C7B91B600C266FC /* Project object */;
			proxyType = 1;
			remoteGlobalIDString = A623F0351C7B91B600C266FC;
			remoteInfo = "recipeez w core data";
		};
/* End PBXContainerItemProxy section */

/* Begin PBXFileReference section */
		A623F0361C7B91B600C266FC /* recipeez w core data.app */ = {isa = PBXFileReference; explicitFileType = wrapper.application; includeInIndex = 0; path = "recipeez w core data.app"; sourceTree = BUILT_PRODUCTS_DIR; };
		A623F0391C7B91B600C266FC /* AppDelegate.swift */ = {isa = PBXFileReference; lastKnownFileType = sourcecode.swift; path = AppDelegate.swift; sourceTree = "<group>"; };
		A623F0411C7B91B600C266FC /* recipeez_w_core_data.xcdatamodel */ = {isa = PBXFileReference; lastKnownFileType = wrapper.xcdatamodel; path = recipeez_w_core_data.xcdatamodel; sourceTree = "<group>"; };
		A623F0431C7B91B600C266FC /* Assets.xcassets */ = {isa = PBXFileReference; lastKnownFileType = folder.assetcatalog; path = Assets.xcassets; sourceTree = "<group>"; };
		A623F0461C7B91B600C266FC /* Base */ = {isa = PBXFileReference; lastKnownFileType = file.storyboard; name = Base; path = Base.lproj/LaunchScreen.storyboard; sourceTree = "<group>"; };
		A623F0481C7B91B600C266FC /* Info.plist */ = {isa = PBXFileReference; lastKnownFileType = text.plist.xml; path = Info.plist; sourceTree = "<group>"; };
		A623F04D1C7B91B600C266FC /* recipeez w core dataTests.xctest */ = {isa = PBXFileReference; explicitFileType = wrapper.cfbundle; includeInIndex = 0; path = "recipeez w core dataTests.xctest"; sourceTree = BUILT_PRODUCTS_DIR; };
		A623F0511C7B91B600C266FC /* recipeez_w_core_dataTests.swift */ = {isa = PBXFileReference; lastKnownFileType = sourcecode.swift; path = recipeez_w_core_dataTests.swift; sourceTree = "<group>"; };
		A623F0531C7B91B600C266FC /* Info.plist */ = {isa = PBXFileReference; lastKnownFileType = text.plist.xml; path = Info.plist; sourceTree = "<group>"; };
		A623F05C1C7B91EF00C266FC /* Main.storyboard */ = {isa = PBXFileReference; fileEncoding = 4; lastKnownFileType = file.storyboard; path = Main.storyboard; sourceTree = "<group>"; };
		A623F05E1C7B91FA00C266FC /* ViewController.swift */ = {isa = PBXFileReference; fileEncoding = 4; lastKnownFileType = sourcecode.swift; path = ViewController.swift; sourceTree = "<group>"; };
/* End PBXFileReference section */

/* Begin PBXFrameworksBuildPhase section */
		A623F0331C7B91B600C266FC /* Frameworks */ = {
			isa = PBXFrameworksBuildPhase;
			buildActionMask = 2147483647;
			files = (
			);
			runOnlyForDeploymentPostprocessing = 0;
		};
		A623F04A1C7B91B600C266FC /* Frameworks */ = {
			isa = PBXFrameworksBuildPhase;
			buildActionMask = 2147483647;
			files = (
			);
			runOnlyForDeploymentPostprocessing = 0;
		};
/* End PBXFrameworksBuildPhase section */

/* Begin PBXGroup section */
		A623F02D1C7B91B600C266FC = {
			isa = PBXGroup;
			children = (
				A623F0381C7B91B600C266FC /* recipeez w core data */,
				A623F0501C7B91B600C266FC /* recipeez w core dataTests */,
				A623F0371C7B91B600C266FC /* Products */,
			);
			sourceTree = "<group>";
		};
		A623F0371C7B91B600C266FC /* Products */ = {
			isa = PBXGroup;
			children = (
				A623F0361C7B91B600C266FC /* recipeez w core data.app */,
				A623F04D1C7B91B600C266FC /* recipeez w core dataTests.xctest */,
			);
			name = Products;
			sourceTree = "<group>";
		};
		A623F0381C7B91B600C266FC /* recipeez w core data */ = {
			isa = PBXGroup;
			children = (
				A623F0391C7B91B600C266FC /* AppDelegate.swift */,
				A623F05E1C7B91FA00C266FC /* ViewController.swift */,
				A623F05C1C7B91EF00C266FC /* Main.storyboard */,
				A623F0431C7B91B600C266FC /* Assets.xcassets */,
				A623F0451C7B91B600C266FC /* LaunchScreen.storyboard */,
				A623F0481C7B91B600C266FC /* Info.plist */,
				A623F0401C7B91B600C266FC /* recipeez_w_core_data.xcdatamodeld */,
			);
			path = "recipeez w core data";
			sourceTree = "<group>";
		};
		A623F0501C7B91B600C266FC /* recipeez w core dataTests */ = {
			isa = PBXGroup;
			children = (
				A623F0511C7B91B600C266FC /* recipeez_w_core_dataTests.swift */,
				A623F0531C7B91B600C266FC /* Info.plist */,
			);
			path = "recipeez w core dataTests";
			sourceTree = "<group>";
		};
/* End PBXGroup section */

/* Begin PBXNativeTarget section */
		A623F0351C7B91B600C266FC /* recipeez w core data */ = {
			isa = PBXNativeTarget;
			buildConfigurationList = A623F0561C7B91B600C266FC /* Build configuration list for PBXNativeTarget "recipeez w core data" */;
			buildPhases = (
				A623F0321C7B91B600C266FC /* Sources */,
				A623F0331C7B91B600C266FC /* Frameworks */,
				A623F0341C7B91B600C266FC /* Resources */,
			);
			buildRules = (
			);
			dependencies = (
			);
			name = "recipeez w core data";
			productName = "recipeez w core data";
			productReference = A623F0361C7B91B600C266FC /* recipeez w core data.app */;
			productType = "com.apple.product-type.application";
		};
		A623F04C1C7B91B600C266FC /* recipeez w core dataTests */ = {
			isa = PBXNativeTarget;
			buildConfigurationList = A623F0591C7B91B600C266FC /* Build configuration list for PBXNativeTarget "recipeez w core dataTests" */;
			buildPhases = (
				A623F0491C7B91B600C266FC /* Sources */,
				A623F04A1C7B91B600C266FC /* Frameworks */,
				A623F04B1C7B91B600C266FC /* Resources */,
			);
			buildRules = (
			);
			dependencies = (
				A623F04F1C7B91B600C266FC /* PBXTargetDependency */,
			);
			name = "recipeez w core dataTests";
			productName = "recipeez w core dataTests";
			productReference = A623F04D1C7B91B600C266FC /* recipeez w core dataTests.xctest */;
			productType = "com.apple.product-type.bundle.unit-test";
		};
/* End PBXNativeTarget section */

/* Begin PBXProject section */
		A623F02E1C7B91B600C266FC /* Project object */ = {
			isa = PBXProject;
			attributes = {
				LastSwiftUpdateCheck = 0720;
				LastUpgradeCheck = 0720;
				ORGANIZATIONNAME = "Eric Klose";
				TargetAttributes = {
					A623F0351C7B91B600C266FC = {
						CreatedOnToolsVersion = 7.2.1;
						DevelopmentTeam = W7W8PTYZHX;
					};
					A623F04C1C7B91B600C266FC = {
						CreatedOnToolsVersion = 7.2.1;
						DevelopmentTeam = W7W8PTYZHX;
						TestTargetID = A623F0351C7B91B600C266FC;
					};
				};
			};
			buildConfigurationList = A623F0311C7B91B600C266FC /* Build configuration list for PBXProject "recipeez w core data" */;
			compatibilityVersion = "Xcode 3.2";
			developmentRegion = English;
			hasScannedForEncodings = 0;
			knownRegions = (
				en,
				Base,
			);
			mainGroup = A623F02D1C7B91B600C266FC;
			productRefGroup = A623F0371C7B91B600C266FC /* Products */;
			projectDirPath = "";
			projectRoot = "";
			targets = (
				A623F0351C7B91B600C266FC /* recipeez w core data */,
				A623F04C1C7B91B600C266FC /* recipeez w core dataTests */,
			);
		};
/* End PBXProject section */

/* Begin PBXResourcesBuildPhase section */
		A623F0341C7B91B600C266FC /* Resources */ = {
			isa = PBXResourcesBuildPhase;
			buildActionMask = 2147483647;
			files = (
				A623F05D1C7B91EF00C266FC /* Main.storyboard in Resources */,
				A623F0471C7B91B600C266FC /* LaunchScreen.storyboard in Resources */,
				A623F0441C7B91B600C266FC /* Assets.xcassets in Resources */,
			);
			runOnlyForDeploymentPostprocessing = 0;
		};
		A623F04B1C7B91B600C266FC /* Resources */ = {
			isa = PBXResourcesBuildPhase;
			buildActionMask = 2147483647;
			files = (
			);
			runOnlyForDeploymentPostprocessing = 0;
		};
/* End PBXResourcesBuildPhase section */

/* Begin PBXSourcesBuildPhase section */
		A623F0321C7B91B600C266FC /* Sources */ = {
			isa = PBXSourcesBuildPhase;
			buildActionMask = 2147483647;
			files = (
				A623F05F1C7B91FA00C266FC /* ViewController.swift in Sources */,
				A623F0421C7B91B600C266FC /* recipeez_w_core_data.xcdatamodeld in Sources */,
				A623F03A1C7B91B600C266FC /* AppDelegate.swift in Sources */,
			);
			runOnlyForDeploymentPostprocessing = 0;
		};
		A623F0491C7B91B600C266FC /* Sources */ = {
			isa = PBXSourcesBuildPhase;
			buildActionMask = 2147483647;
			files = (
				A623F0521C7B91B600C266FC /* recipeez_w_core_dataTests.swift in Sources */,
			);
			runOnlyForDeploymentPostprocessing = 0;
		};
/* End PBXSourcesBuildPhase section */

/* Begin PBXTargetDependency section */
		A623F04F1C7B91B600C266FC /* PBXTargetDependency */ = {
			isa = PBXTargetDependency;
			target = A623F0351C7B91B600C266FC /* recipeez w core data */;
			targetProxy = A623F04E1C7B91B600C266FC /* PBXContainerItemProxy */;
		};
/* End PBXTargetDependency section */

/* Begin PBXVariantGroup section */
		A623F0451C7B91B600C266FC /* LaunchScreen.storyboard */ = {
			isa = PBXVariantGroup;
			children = (
				A623F0461C7B91B600C266FC /* Base */,
			);
			name = LaunchScreen.storyboard;
			sourceTree = "<group>";
		};
/* End PBXVariantGroup section */

/* Begin XCBuildConfiguration section */
		A623F0541C7B91B600C266FC /* Debug */ = {
			isa = XCBuildConfiguration;
			buildSettings = {
				ALWAYS_SEARCH_USER_PATHS = NO;
				CLANG_CXX_LANGUAGE_STANDARD = "gnu++0x";
				CLANG_CXX_LIBRARY = "libc++";
				CLANG_ENABLE_MODULES = YES;
				CLANG_ENABLE_OBJC_ARC = YES;
				CLANG_WARN_BOOL_CONVERSION = YES;
				CLANG_WARN_CONSTANT_CONVERSION = YES;
				CLANG_WARN_DIRECT_OBJC_ISA_USAGE = YES_ERROR;
				CLANG_WARN_EMPTY_BODY = YES;
				CLANG_WARN_ENUM_CONVERSION = YES;
				CLANG_WARN_INT_CONVERSION = YES;
				CLANG_WARN_OBJC_ROOT_CLASS = YES_ERROR;
				CLANG_WARN_UNREACHABLE_CODE = YES;
				CLANG_WARN__DUPLICATE_METHOD_MATCH = YES;
				"CODE_SIGN_IDENTITY[sdk=iphoneos*]" = "iPhone Developer";
				COPY_PHASE_STRIP = NO;
				DEBUG_INFORMATION_FORMAT = dwarf;
				ENABLE_STRICT_OBJC_MSGSEND = YES;
				ENABLE_TESTABILITY = YES;
				GCC_C_LANGUAGE_STANDARD = gnu99;
				GCC_DYNAMIC_NO_PIC = NO;
				GCC_NO_COMMON_BLOCKS = YES;
				GCC_OPTIMIZATION_LEVEL = 0;
				GCC_PREPROCESSOR_DEFINITIONS = (
					"DEBUG=1",
					"$(inherited)",
				);
				GCC_WARN_64_TO_32_BIT_CONVERSION = YES;
				GCC_WARN_ABOUT_RETURN_TYPE = YES_ERROR;
				GCC_WARN_UNDECLARED_SELECTOR = YES;
				GCC_WARN_UNINITIALIZED_AUTOS = YES_AGGRESSIVE;
				GCC_WARN_UNUSED_FUNCTION = YES;
				GCC_WARN_UNUSED_VARIABLE = YES;
				IPHONEOS_DEPLOYMENT_TARGET = 9.2;
				MTL_ENABLE_DEBUG_INFO = YES;
				ONLY_ACTIVE_ARCH = YES;
				SDKROOT = iphoneos;
				SWIFT_OPTIMIZATION_LEVEL = "-Onone";
				TARGETED_DEVICE_FAMILY = "1,2";
			};
			name = Debug;
		};
		A623F0551C7B91B600C266FC /* Release */ = {
			isa = XCBuildConfiguration;
			buildSettings = {
				ALWAYS_SEARCH_USER_PATHS = NO;
				CLANG_CXX_LANGUAGE_STANDARD = "gnu++0x";
				CLANG_CXX_LIBRARY = "libc++";
				CLANG_ENABLE_MODULES = YES;
				CLANG_ENABLE_OBJC_ARC = YES;
				CLANG_WARN_BOOL_CONVERSION = YES;
				CLANG_WARN_CONSTANT_CONVERSION = YES;
				CLANG_WARN_DIRECT_OBJC_ISA_USAGE = YES_ERROR;
				CLANG_WARN_EMPTY_BODY = YES;
				CLANG_WARN_ENUM_CONVERSION = YES;
				CLANG_WARN_INT_CONVERSION = YES;
				CLANG_WARN_OBJC_ROOT_CLASS = YES_ERROR;
				CLANG_WARN_UNREACHABLE_CODE = YES;
				CLANG_WARN__DUPLICATE_METHOD_MATCH = YES;
				"CODE_SIGN_IDENTITY[sdk=iphoneos*]" = "iPhone Developer";
				COPY_PHASE_STRIP = NO;
				DEBUG_INFORMATION_FORMAT = "dwarf-with-dsym";
				ENABLE_NS_ASSERTIONS = NO;
				ENABLE_STRICT_OBJC_MSGSEND = YES;
				GCC_C_LANGUAGE_STANDARD = gnu99;
				GCC_NO_COMMON_BLOCKS = YES;
				GCC_WARN_64_TO_32_BIT_CONVERSION = YES;
				GCC_WARN_ABOUT_RETURN_TYPE = YES_ERROR;
				GCC_WARN_UNDECLARED_SELECTOR = YES;
				GCC_WARN_UNINITIALIZED_AUTOS = YES_AGGRESSIVE;
				GCC_WARN_UNUSED_FUNCTION = YES;
				GCC_WARN_UNUSED_VARIABLE = YES;
				IPHONEOS_DEPLOYMENT_TARGET = 9.2;
				MTL_ENABLE_DEBUG_INFO = NO;
				SDKROOT = iphoneos;
				TARGETED_DEVICE_FAMILY = "1,2";
				VALIDATE_PRODUCT = YES;
			};
			name = Release;
		};
		A623F0571C7B91B600C266FC /* Debug */ = {
			isa = XCBuildConfiguration;
			buildSettings = {
				ASSETCATALOG_COMPILER_APPICON_NAME = AppIcon;
				INFOPLIST_FILE = "recipeez w core data/Info.plist";
				LD_RUNPATH_SEARCH_PATHS = "$(inherited) @executable_path/Frameworks";
				PRODUCT_BUNDLE_IDENTIFIER = "com.example.recipeez-w-core-data";
				PRODUCT_NAME = "$(TARGET_NAME)";
			};
			name = Debug;
		};
		A623F0581C7B91B600C266FC /* Release */ = {
			isa = XCBuildConfiguration;
			buildSettings = {
				ASSETCATALOG_COMPILER_APPICON_NAME = AppIcon;
				INFOPLIST_FILE = "recipeez w core data/Info.plist";
				LD_RUNPATH_SEARCH_PATHS = "$(inherited) @executable_path/Frameworks";
				PRODUCT_BUNDLE_IDENTIFIER = "com.example.recipeez-w-core-data";
				PRODUCT_NAME = "$(TARGET_NAME)";
			};
			name = Release;
		};
		A623F05A1C7B91B600C266FC /* Debug */ = {
			isa = XCBuildConfiguration;
			buildSettings = {
				BUNDLE_LOADER = "$(TEST_HOST)";
				INFOPLIST_FILE = "recipeez w core dataTests/Info.plist";
				LD_RUNPATH_SEARCH_PATHS = "$(inherited) @executable_path/Frameworks @loader_path/Frameworks";
				PRODUCT_BUNDLE_IDENTIFIER = "com.example.recipeez-w-core-dataTests";
				PRODUCT_NAME = "$(TARGET_NAME)";
				TEST_HOST = "$(BUILT_PRODUCTS_DIR)/recipeez w core data.app/recipeez w core data";
			};
			name = Debug;
		};
		A623F05B1C7B91B600C266FC /* Release */ = {
			isa = XCBuildConfiguration;
			buildSettings = {
				BUNDLE_LOADER = "$(TEST_HOST)";
				INFOPLIST_FILE = "recipeez w core dataTests/Info.plist";
				LD_RUNPATH_SEARCH_PATHS = "$(inherited) @executable_path/Frameworks @loader_path/Frameworks";
				PRODUCT_BUNDLE_IDENTIFIER = "com.example.recipeez-w-core-dataTests";
				PRODUCT_NAME = "$(TARGET_NAME)";
				TEST_HOST = "$(BUILT_PRODUCTS_DIR)/recipeez w core data.app/recipeez w core data";
			};
			name = Release;
		};
/* End XCBuildConfiguration section */

/* Begin XCConfigurationList section */
		A623F0311C7B91B600C266FC /* Build configuration list for PBXProject "recipeez w core data" */ = {
			isa = XCConfigurationList;
			buildConfigurations = (
				A623F0541C7B91B600C266FC /* Debug */,
				A623F0551C7B91B600C266FC /* Release */,
			);
			defaultConfigurationIsVisible = 0;
			defaultConfigurationName = Release;
		};
		A623F0561C7B91B600C266FC /* Build configuration list for PBXNativeTarget "recipeez w core data" */ = {
			isa = XCConfigurationList;
			buildConfigurations = (
				A623F0571C7B91B600C266FC /* Debug */,
				A623F0581C7B91B600C266FC /* Release */,
			);
			defaultConfigurationIsVisible = 0;
		};
		A623F0591C7B91B600C266FC /* Build configuration list for PBXNativeTarget "recipeez w core dataTests" */ = {
			isa = XCConfigurationList;
			buildConfigurations = (
				A623F05A1C7B91B600C266FC /* Debug */,
				A623F05B1C7B91B600C266FC /* Release */,
			);
			defaultConfigurationIsVisible = 0;
		};
/* End XCConfigurationList section */

/* Begin XCVersionGroup section */
		A623F0401C7B91B600C266FC /* recipeez_w_core_data.xcdatamodeld */ = {
			isa = XCVersionGroup;
			children = (
				A623F0411C7B91B600C266FC /* recipeez_w_core_data.xcdatamodel */,
			);
			currentVersion = A623F0411C7B91B600C266FC /* recipeez_w_core_data.xcdatamodel */;
			path = recipeez_w_core_data.xcdatamodeld;
			sourceTree = "<group>";
			versionGroupType = wrapper.xcdatamodel;
		};
/* End XCVersionGroup section */
	};
	rootObject = A623F02E1C7B91B600C266FC /* Project object */;
}
